// !$*UTF8*$!
{
	archiveVersion = 1;
	classes = {
	};
	objectVersion = 56;
	objects = {

/* Begin PBXBuildFile section */
		526677A929AD0CF600EB3619 /* Title.swift in Sources */ = {isa = PBXBuildFile; fileRef = 526677A829AD0CF600EB3619 /* Title.swift */; };
		526677AB29AD173100EB3619 /* Extensions.swift in Sources */ = {isa = PBXBuildFile; fileRef = 526677AA29AD173100EB3619 /* Extensions.swift */; };
		526677AF29AD612E00EB3619 /* TitleCollectionViewCell.swift in Sources */ = {isa = PBXBuildFile; fileRef = 526677AE29AD612E00EB3619 /* TitleCollectionViewCell.swift */; };
		526677B229AD64BF00EB3619 /* SDWebImage in Frameworks */ = {isa = PBXBuildFile; productRef = 526677B129AD64BF00EB3619 /* SDWebImage */; };
		526677B429AD64BF00EB3619 /* SDWebImageMapKit in Frameworks */ = {isa = PBXBuildFile; productRef = 526677B329AD64BF00EB3619 /* SDWebImageMapKit */; };
		5277522529B437CC00B9423E /* TitleTableViewCell.swift in Sources */ = {isa = PBXBuildFile; fileRef = 5277522429B437CC00B9423E /* TitleTableViewCell.swift */; };
		5277522729B43FF500B9423E /* TitleViewModel.swift in Sources */ = {isa = PBXBuildFile; fileRef = 5277522629B43FF500B9423E /* TitleViewModel.swift */; };
		5291C0CD29BD371200C2E2A6 /* SearchResultsViewController.swift in Sources */ = {isa = PBXBuildFile; fileRef = 5291C0CC29BD371200C2E2A6 /* SearchResultsViewController.swift */; };
		5291C0D029BD824300C2E2A6 /* YoutubeSearchResponse.swift in Sources */ = {isa = PBXBuildFile; fileRef = 5291C0CF29BD824300C2E2A6 /* YoutubeSearchResponse.swift */; };
		5291C0D229BE2F5B00C2E2A6 /* TitlePreviewViewController.swift in Sources */ = {isa = PBXBuildFile; fileRef = 5291C0D129BE2F5B00C2E2A6 /* TitlePreviewViewController.swift */; };
		5291C0D429BE33FB00C2E2A6 /* TitlePreviewViewModel.swift in Sources */ = {isa = PBXBuildFile; fileRef = 5291C0D329BE33FB00C2E2A6 /* TitlePreviewViewModel.swift */; };
		52BF23F429A47DA9001F0662 /* AppDelegate.swift in Sources */ = {isa = PBXBuildFile; fileRef = 52BF23F329A47DA9001F0662 /* AppDelegate.swift */; };
		52BF23F629A47DA9001F0662 /* SceneDelegate.swift in Sources */ = {isa = PBXBuildFile; fileRef = 52BF23F529A47DA9001F0662 /* SceneDelegate.swift */; };
		52BF23F829A47DA9001F0662 /* MainTabBarViewController.swift in Sources */ = {isa = PBXBuildFile; fileRef = 52BF23F729A47DA9001F0662 /* MainTabBarViewController.swift */; };
		52BF23FD29A47DAA001F0662 /* Assets.xcassets in Resources */ = {isa = PBXBuildFile; fileRef = 52BF23FC29A47DAA001F0662 /* Assets.xcassets */; };
		52BF240029A47DAB001F0662 /* LaunchScreen.storyboard in Resources */ = {isa = PBXBuildFile; fileRef = 52BF23FE29A47DAB001F0662 /* LaunchScreen.storyboard */; };
		52BF240B29A47DAB001F0662 /* Netflix_CloneTests.swift in Sources */ = {isa = PBXBuildFile; fileRef = 52BF240A29A47DAB001F0662 /* Netflix_CloneTests.swift */; };
		52BF241529A47DAB001F0662 /* Netflix_CloneUITests.swift in Sources */ = {isa = PBXBuildFile; fileRef = 52BF241429A47DAB001F0662 /* Netflix_CloneUITests.swift */; };
		52BF241729A47DAB001F0662 /* Netflix_CloneUITestsLaunchTests.swift in Sources */ = {isa = PBXBuildFile; fileRef = 52BF241629A47DAB001F0662 /* Netflix_CloneUITestsLaunchTests.swift */; };
		52BF242929A557C8001F0662 /* SearchViewController.swift in Sources */ = {isa = PBXBuildFile; fileRef = 52BF242829A557C8001F0662 /* SearchViewController.swift */; };
		52BF242D29A55814001F0662 /* HomeViewController.swift in Sources */ = {isa = PBXBuildFile; fileRef = 52BF242C29A55814001F0662 /* HomeViewController.swift */; };
		52BF242F29A55828001F0662 /* UpcomingViewController.swift in Sources */ = {isa = PBXBuildFile; fileRef = 52BF242E29A55828001F0662 /* UpcomingViewController.swift */; };
		52BF243129A55998001F0662 /* DownloadsViewController.swift in Sources */ = {isa = PBXBuildFile; fileRef = 52BF243029A55998001F0662 /* DownloadsViewController.swift */; };
		52BF243829A57F48001F0662 /* CollectionViewTableViewCell.swift in Sources */ = {isa = PBXBuildFile; fileRef = 52BF243729A57F48001F0662 /* CollectionViewTableViewCell.swift */; };
		52BF243A29A59054001F0662 /* HeroHeaderUIView.swift in Sources */ = {isa = PBXBuildFile; fileRef = 52BF243929A59054001F0662 /* HeroHeaderUIView.swift */; };
		52BF243E29A97959001F0662 /* APICaller.swift in Sources */ = {isa = PBXBuildFile; fileRef = 52BF243D29A97959001F0662 /* APICaller.swift */; };
/* End PBXBuildFile section */

/* Begin PBXContainerItemProxy section */
		52BF240729A47DAB001F0662 /* PBXContainerItemProxy */ = {
			isa = PBXContainerItemProxy;
			containerPortal = 52BF23E829A47DA8001F0662 /* Project object */;
			proxyType = 1;
			remoteGlobalIDString = 52BF23EF29A47DA9001F0662;
			remoteInfo = "Netflix Clone";
		};
		52BF241129A47DAB001F0662 /* PBXContainerItemProxy */ = {
			isa = PBXContainerItemProxy;
			containerPortal = 52BF23E829A47DA8001F0662 /* Project object */;
			proxyType = 1;
			remoteGlobalIDString = 52BF23EF29A47DA9001F0662;
			remoteInfo = "Netflix Clone";
		};
/* End PBXContainerItemProxy section */

/* Begin PBXFileReference section */
		526677A829AD0CF600EB3619 /* Title.swift */ = {isa = PBXFileReference; lastKnownFileType = sourcecode.swift; path = Title.swift; sourceTree = "<group>"; };
		526677AA29AD173100EB3619 /* Extensions.swift */ = {isa = PBXFileReference; lastKnownFileType = sourcecode.swift; path = Extensions.swift; sourceTree = "<group>"; };
		526677AE29AD612E00EB3619 /* TitleCollectionViewCell.swift */ = {isa = PBXFileReference; lastKnownFileType = sourcecode.swift; path = TitleCollectionViewCell.swift; sourceTree = "<group>"; };
		5277522429B437CC00B9423E /* TitleTableViewCell.swift */ = {isa = PBXFileReference; lastKnownFileType = sourcecode.swift; path = TitleTableViewCell.swift; sourceTree = "<group>"; };
		5277522629B43FF500B9423E /* TitleViewModel.swift */ = {isa = PBXFileReference; lastKnownFileType = sourcecode.swift; path = TitleViewModel.swift; sourceTree = "<group>"; };
		5291C0CC29BD371200C2E2A6 /* SearchResultsViewController.swift */ = {isa = PBXFileReference; lastKnownFileType = sourcecode.swift; path = SearchResultsViewController.swift; sourceTree = "<group>"; };
		5291C0CF29BD824300C2E2A6 /* YoutubeSearchResponse.swift */ = {isa = PBXFileReference; lastKnownFileType = sourcecode.swift; path = YoutubeSearchResponse.swift; sourceTree = "<group>"; };
		5291C0D129BE2F5B00C2E2A6 /* TitlePreviewViewController.swift */ = {isa = PBXFileReference; lastKnownFileType = sourcecode.swift; path = TitlePreviewViewController.swift; sourceTree = "<group>"; };
		5291C0D329BE33FB00C2E2A6 /* TitlePreviewViewModel.swift */ = {isa = PBXFileReference; lastKnownFileType = sourcecode.swift; path = TitlePreviewViewModel.swift; sourceTree = "<group>"; };
		52BF23F029A47DA9001F0662 /* Netflix Clone.app */ = {isa = PBXFileReference; explicitFileType = wrapper.application; includeInIndex = 0; path = "Netflix Clone.app"; sourceTree = BUILT_PRODUCTS_DIR; };
		52BF23F329A47DA9001F0662 /* AppDelegate.swift */ = {isa = PBXFileReference; lastKnownFileType = sourcecode.swift; path = AppDelegate.swift; sourceTree = "<group>"; };
		52BF23F529A47DA9001F0662 /* SceneDelegate.swift */ = {isa = PBXFileReference; lastKnownFileType = sourcecode.swift; path = SceneDelegate.swift; sourceTree = "<group>"; };
		52BF23F729A47DA9001F0662 /* MainTabBarViewController.swift */ = {isa = PBXFileReference; lastKnownFileType = sourcecode.swift; path = MainTabBarViewController.swift; sourceTree = "<group>"; };
		52BF23FC29A47DAA001F0662 /* Assets.xcassets */ = {isa = PBXFileReference; lastKnownFileType = folder.assetcatalog; path = Assets.xcassets; sourceTree = "<group>"; };
		52BF23FF29A47DAB001F0662 /* Base */ = {isa = PBXFileReference; lastKnownFileType = file.storyboard; name = Base; path = Base.lproj/LaunchScreen.storyboard; sourceTree = "<group>"; };
		52BF240129A47DAB001F0662 /* Info.plist */ = {isa = PBXFileReference; lastKnownFileType = text.plist.xml; path = Info.plist; sourceTree = "<group>"; };
		52BF240629A47DAB001F0662 /* Netflix CloneTests.xctest */ = {isa = PBXFileReference; explicitFileType = wrapper.cfbundle; includeInIndex = 0; path = "Netflix CloneTests.xctest"; sourceTree = BUILT_PRODUCTS_DIR; };
		52BF240A29A47DAB001F0662 /* Netflix_CloneTests.swift */ = {isa = PBXFileReference; lastKnownFileType = sourcecode.swift; path = Netflix_CloneTests.swift; sourceTree = "<group>"; };
		52BF241029A47DAB001F0662 /* Netflix CloneUITests.xctest */ = {isa = PBXFileReference; explicitFileType = wrapper.cfbundle; includeInIndex = 0; path = "Netflix CloneUITests.xctest"; sourceTree = BUILT_PRODUCTS_DIR; };
		52BF241429A47DAB001F0662 /* Netflix_CloneUITests.swift */ = {isa = PBXFileReference; lastKnownFileType = sourcecode.swift; path = Netflix_CloneUITests.swift; sourceTree = "<group>"; };
		52BF241629A47DAB001F0662 /* Netflix_CloneUITestsLaunchTests.swift */ = {isa = PBXFileReference; lastKnownFileType = sourcecode.swift; path = Netflix_CloneUITestsLaunchTests.swift; sourceTree = "<group>"; };
		52BF242829A557C8001F0662 /* SearchViewController.swift */ = {isa = PBXFileReference; lastKnownFileType = sourcecode.swift; path = SearchViewController.swift; sourceTree = "<group>"; };
		52BF242C29A55814001F0662 /* HomeViewController.swift */ = {isa = PBXFileReference; lastKnownFileType = sourcecode.swift; path = HomeViewController.swift; sourceTree = "<group>"; };
		52BF242E29A55828001F0662 /* UpcomingViewController.swift */ = {isa = PBXFileReference; lastKnownFileType = sourcecode.swift; path = UpcomingViewController.swift; sourceTree = "<group>"; };
		52BF243029A55998001F0662 /* DownloadsViewController.swift */ = {isa = PBXFileReference; lastKnownFileType = sourcecode.swift; path = DownloadsViewController.swift; sourceTree = "<group>"; };
		52BF243729A57F48001F0662 /* CollectionViewTableViewCell.swift */ = {isa = PBXFileReference; lastKnownFileType = sourcecode.swift; path = CollectionViewTableViewCell.swift; sourceTree = "<group>"; };
		52BF243929A59054001F0662 /* HeroHeaderUIView.swift */ = {isa = PBXFileReference; lastKnownFileType = sourcecode.swift; path = HeroHeaderUIView.swift; sourceTree = "<group>"; };
		52BF243D29A97959001F0662 /* APICaller.swift */ = {isa = PBXFileReference; lastKnownFileType = sourcecode.swift; path = APICaller.swift; sourceTree = "<group>"; };
/* End PBXFileReference section */

/* Begin PBXFrameworksBuildPhase section */
		52BF23ED29A47DA9001F0662 /* Frameworks */ = {
			isa = PBXFrameworksBuildPhase;
			buildActionMask = 2147483647;
			files = (
				526677B429AD64BF00EB3619 /* SDWebImageMapKit in Frameworks */,
				526677B229AD64BF00EB3619 /* SDWebImage in Frameworks */,
			);
			runOnlyForDeploymentPostprocessing = 0;
		};
		52BF240329A47DAB001F0662 /* Frameworks */ = {
			isa = PBXFrameworksBuildPhase;
			buildActionMask = 2147483647;
			files = (
			);
			runOnlyForDeploymentPostprocessing = 0;
		};
		52BF240D29A47DAB001F0662 /* Frameworks */ = {
			isa = PBXFrameworksBuildPhase;
			buildActionMask = 2147483647;
			files = (
			);
			runOnlyForDeploymentPostprocessing = 0;
		};
/* End PBXFrameworksBuildPhase section */

/* Begin PBXGroup section */
		52803A5E29BA0B1D00BFDE91 /* Core */ = {
			isa = PBXGroup;
			children = (
				52BF23F729A47DA9001F0662 /* MainTabBarViewController.swift */,
				52BF242E29A55828001F0662 /* UpcomingViewController.swift */,
				52BF242C29A55814001F0662 /* HomeViewController.swift */,
				52BF242829A557C8001F0662 /* SearchViewController.swift */,
				52BF243029A55998001F0662 /* DownloadsViewController.swift */,
			);
			path = Core;
			sourceTree = "<group>";
		};
		5291C0CE29BD37EB00C2E2A6 /* General */ = {
			isa = PBXGroup;
			children = (
				5291C0D129BE2F5B00C2E2A6 /* TitlePreviewViewController.swift */,
				5291C0CC29BD371200C2E2A6 /* SearchResultsViewController.swift */,
			);
			path = General;
			sourceTree = "<group>";
		};
		52BF23E729A47DA8001F0662 = {
			isa = PBXGroup;
			children = (
				52BF23F229A47DA9001F0662 /* Netflix Clone */,
				52BF240929A47DAB001F0662 /* Netflix CloneTests */,
				52BF241329A47DAB001F0662 /* Netflix CloneUITests */,
				52BF23F129A47DA9001F0662 /* Products */,
			);
			sourceTree = "<group>";
		};
		52BF23F129A47DA9001F0662 /* Products */ = {
			isa = PBXGroup;
			children = (
				52BF23F029A47DA9001F0662 /* Netflix Clone.app */,
				52BF240629A47DAB001F0662 /* Netflix CloneTests.xctest */,
				52BF241029A47DAB001F0662 /* Netflix CloneUITests.xctest */,
			);
			name = Products;
			sourceTree = "<group>";
		};
		52BF23F229A47DA9001F0662 /* Netflix Clone */ = {
			isa = PBXGroup;
			children = (
				52BF243629A57E94001F0662 /* Managers */,
				52BF243529A57E8A001F0662 /* Resources */,
				52BF243429A57CC9001F0662 /* Models */,
				52BF243229A57C5F001F0662 /* Views */,
				52BF243329A57C77001F0662 /* ViewModels */,
				52BF242329A5573B001F0662 /* Controllers */,
				52BF23F329A47DA9001F0662 /* AppDelegate.swift */,
				52BF23F529A47DA9001F0662 /* SceneDelegate.swift */,
				52BF23FC29A47DAA001F0662 /* Assets.xcassets */,
				52BF23FE29A47DAB001F0662 /* LaunchScreen.storyboard */,
				52BF240129A47DAB001F0662 /* Info.plist */,
			);
			path = "Netflix Clone";
			sourceTree = "<group>";
		};
		52BF240929A47DAB001F0662 /* Netflix CloneTests */ = {
			isa = PBXGroup;
			children = (
				52BF240A29A47DAB001F0662 /* Netflix_CloneTests.swift */,
			);
			path = "Netflix CloneTests";
			sourceTree = "<group>";
		};
		52BF241329A47DAB001F0662 /* Netflix CloneUITests */ = {
			isa = PBXGroup;
			children = (
				52BF241429A47DAB001F0662 /* Netflix_CloneUITests.swift */,
				52BF241629A47DAB001F0662 /* Netflix_CloneUITestsLaunchTests.swift */,
			);
			path = "Netflix CloneUITests";
			sourceTree = "<group>";
		};
		52BF242329A5573B001F0662 /* Controllers */ = {
			isa = PBXGroup;
			children = (
				5291C0CE29BD37EB00C2E2A6 /* General */,
				52803A5E29BA0B1D00BFDE91 /* Core */,
			);
			path = Controllers;
			sourceTree = "<group>";
		};
		52BF243229A57C5F001F0662 /* Views */ = {
			isa = PBXGroup;
			children = (
				52BF243729A57F48001F0662 /* CollectionViewTableViewCell.swift */,
				52BF243929A59054001F0662 /* HeroHeaderUIView.swift */,
				526677AE29AD612E00EB3619 /* TitleCollectionViewCell.swift */,
				5277522429B437CC00B9423E /* TitleTableViewCell.swift */,
			);
			path = Views;
			sourceTree = "<group>";
		};
		52BF243329A57C77001F0662 /* ViewModels */ = {
			isa = PBXGroup;
			children = (
				5277522629B43FF500B9423E /* TitleViewModel.swift */,
				5291C0D329BE33FB00C2E2A6 /* TitlePreviewViewModel.swift */,
			);
			path = ViewModels;
			sourceTree = "<group>";
		};
		52BF243429A57CC9001F0662 /* Models */ = {
			isa = PBXGroup;
			children = (
				526677A829AD0CF600EB3619 /* Title.swift */,
				5291C0CF29BD824300C2E2A6 /* YoutubeSearchResponse.swift */,
			);
			path = Models;
			sourceTree = "<group>";
		};
		52BF243529A57E8A001F0662 /* Resources */ = {
			isa = PBXGroup;
			children = (
				526677AA29AD173100EB3619 /* Extensions.swift */,
			);
			path = Resources;
			sourceTree = "<group>";
		};
		52BF243629A57E94001F0662 /* Managers */ = {
			isa = PBXGroup;
			children = (
				52BF243D29A97959001F0662 /* APICaller.swift */,
			);
			path = Managers;
			sourceTree = "<group>";
		};
/* End PBXGroup section */

/* Begin PBXNativeTarget section */
		52BF23EF29A47DA9001F0662 /* Netflix Clone */ = {
			isa = PBXNativeTarget;
			buildConfigurationList = 52BF241A29A47DAB001F0662 /* Build configuration list for PBXNativeTarget "Netflix Clone" */;
			buildPhases = (
				52BF23EC29A47DA9001F0662 /* Sources */,
				52BF23ED29A47DA9001F0662 /* Frameworks */,
				52BF23EE29A47DA9001F0662 /* Resources */,
			);
			buildRules = (
			);
			dependencies = (
			);
			name = "Netflix Clone";
			packageProductDependencies = (
				526677B129AD64BF00EB3619 /* SDWebImage */,
				526677B329AD64BF00EB3619 /* SDWebImageMapKit */,
			);
			productName = "Netflix Clone";
			productReference = 52BF23F029A47DA9001F0662 /* Netflix Clone.app */;
			productType = "com.apple.product-type.application";
		};
		52BF240529A47DAB001F0662 /* Netflix CloneTests */ = {
			isa = PBXNativeTarget;
			buildConfigurationList = 52BF241D29A47DAB001F0662 /* Build configuration list for PBXNativeTarget "Netflix CloneTests" */;
			buildPhases = (
				52BF240229A47DAB001F0662 /* Sources */,
				52BF240329A47DAB001F0662 /* Frameworks */,
				52BF240429A47DAB001F0662 /* Resources */,
			);
			buildRules = (
			);
			dependencies = (
				52BF240829A47DAB001F0662 /* PBXTargetDependency */,
			);
			name = "Netflix CloneTests";
			productName = "Netflix CloneTests";
			productReference = 52BF240629A47DAB001F0662 /* Netflix CloneTests.xctest */;
			productType = "com.apple.product-type.bundle.unit-test";
		};
		52BF240F29A47DAB001F0662 /* Netflix CloneUITests */ = {
			isa = PBXNativeTarget;
			buildConfigurationList = 52BF242029A47DAB001F0662 /* Build configuration list for PBXNativeTarget "Netflix CloneUITests" */;
			buildPhases = (
				52BF240C29A47DAB001F0662 /* Sources */,
				52BF240D29A47DAB001F0662 /* Frameworks */,
				52BF240E29A47DAB001F0662 /* Resources */,
			);
			buildRules = (
			);
			dependencies = (
				52BF241229A47DAB001F0662 /* PBXTargetDependency */,
			);
			name = "Netflix CloneUITests";
			productName = "Netflix CloneUITests";
			productReference = 52BF241029A47DAB001F0662 /* Netflix CloneUITests.xctest */;
			productType = "com.apple.product-type.bundle.ui-testing";
		};
/* End PBXNativeTarget section */

/* Begin PBXProject section */
		52BF23E829A47DA8001F0662 /* Project object */ = {
			isa = PBXProject;
			attributes = {
				BuildIndependentTargetsInParallel = 1;
				LastSwiftUpdateCheck = 1420;
				LastUpgradeCheck = 1420;
				TargetAttributes = {
					52BF23EF29A47DA9001F0662 = {
						CreatedOnToolsVersion = 14.2;
					};
					52BF240529A47DAB001F0662 = {
						CreatedOnToolsVersion = 14.2;
						TestTargetID = 52BF23EF29A47DA9001F0662;
					};
					52BF240F29A47DAB001F0662 = {
						CreatedOnToolsVersion = 14.2;
						TestTargetID = 52BF23EF29A47DA9001F0662;
					};
				};
			};
			buildConfigurationList = 52BF23EB29A47DA8001F0662 /* Build configuration list for PBXProject "Netflix Clone" */;
			compatibilityVersion = "Xcode 14.0";
			developmentRegion = en;
			hasScannedForEncodings = 0;
			knownRegions = (
				en,
				Base,
			);
			mainGroup = 52BF23E729A47DA8001F0662;
			packageReferences = (
				526677B029AD64BF00EB3619 /* XCRemoteSwiftPackageReference "SDWebImage" */,
			);
			productRefGroup = 52BF23F129A47DA9001F0662 /* Products */;
			projectDirPath = "";
			projectRoot = "";
			targets = (
				52BF23EF29A47DA9001F0662 /* Netflix Clone */,
				52BF240529A47DAB001F0662 /* Netflix CloneTests */,
				52BF240F29A47DAB001F0662 /* Netflix CloneUITests */,
			);
		};
/* End PBXProject section */

/* Begin PBXResourcesBuildPhase section */
		52BF23EE29A47DA9001F0662 /* Resources */ = {
			isa = PBXResourcesBuildPhase;
			buildActionMask = 2147483647;
			files = (
				52BF240029A47DAB001F0662 /* LaunchScreen.storyboard in Resources */,
				52BF23FD29A47DAA001F0662 /* Assets.xcassets in Resources */,
			);
			runOnlyForDeploymentPostprocessing = 0;
		};
		52BF240429A47DAB001F0662 /* Resources */ = {
			isa = PBXResourcesBuildPhase;
			buildActionMask = 2147483647;
			files = (
			);
			runOnlyForDeploymentPostprocessing = 0;
		};
		52BF240E29A47DAB001F0662 /* Resources */ = {
			isa = PBXResourcesBuildPhase;
			buildActionMask = 2147483647;
			files = (
			);
			runOnlyForDeploymentPostprocessing = 0;
		};
/* End PBXResourcesBuildPhase section */

/* Begin PBXSourcesBuildPhase section */
		52BF23EC29A47DA9001F0662 /* Sources */ = {
			isa = PBXSourcesBuildPhase;
			buildActionMask = 2147483647;
			files = (
				5277522529B437CC00B9423E /* TitleTableViewCell.swift in Sources */,
				526677AF29AD612E00EB3619 /* TitleCollectionViewCell.swift in Sources */,
				52BF242F29A55828001F0662 /* UpcomingViewController.swift in Sources */,
				52BF242D29A55814001F0662 /* HomeViewController.swift in Sources */,
				52BF243829A57F48001F0662 /* CollectionViewTableViewCell.swift in Sources */,
				52BF243E29A97959001F0662 /* APICaller.swift in Sources */,
				52BF243A29A59054001F0662 /* HeroHeaderUIView.swift in Sources */,
				52BF243129A55998001F0662 /* DownloadsViewController.swift in Sources */,
				52BF242929A557C8001F0662 /* SearchViewController.swift in Sources */,
				5291C0CD29BD371200C2E2A6 /* SearchResultsViewController.swift in Sources */,
				526677AB29AD173100EB3619 /* Extensions.swift in Sources */,
				5291C0D029BD824300C2E2A6 /* YoutubeSearchResponse.swift in Sources */,
				52BF23F829A47DA9001F0662 /* MainTabBarViewController.swift in Sources */,
				5291C0D429BE33FB00C2E2A6 /* TitlePreviewViewModel.swift in Sources */,
				52BF23F429A47DA9001F0662 /* AppDelegate.swift in Sources */,
				5291C0D229BE2F5B00C2E2A6 /* TitlePreviewViewController.swift in Sources */,
				526677A929AD0CF600EB3619 /* Title.swift in Sources */,
				52BF23F629A47DA9001F0662 /* SceneDelegate.swift in Sources */,
				5277522729B43FF500B9423E /* TitleViewModel.swift in Sources */,
			);
			runOnlyForDeploymentPostprocessing = 0;
		};
		52BF240229A47DAB001F0662 /* Sources */ = {
			isa = PBXSourcesBuildPhase;
			buildActionMask = 2147483647;
			files = (
				52BF240B29A47DAB001F0662 /* Netflix_CloneTests.swift in Sources */,
			);
			runOnlyForDeploymentPostprocessing = 0;
		};
		52BF240C29A47DAB001F0662 /* Sources */ = {
			isa = PBXSourcesBuildPhase;
			buildActionMask = 2147483647;
			files = (
				52BF241529A47DAB001F0662 /* Netflix_CloneUITests.swift in Sources */,
				52BF241729A47DAB001F0662 /* Netflix_CloneUITestsLaunchTests.swift in Sources */,
			);
			runOnlyForDeploymentPostprocessing = 0;
		};
/* End PBXSourcesBuildPhase section */

/* Begin PBXTargetDependency section */
		52BF240829A47DAB001F0662 /* PBXTargetDependency */ = {
			isa = PBXTargetDependency;
			target = 52BF23EF29A47DA9001F0662 /* Netflix Clone */;
			targetProxy = 52BF240729A47DAB001F0662 /* PBXContainerItemProxy */;
		};
		52BF241229A47DAB001F0662 /* PBXTargetDependency */ = {
			isa = PBXTargetDependency;
			target = 52BF23EF29A47DA9001F0662 /* Netflix Clone */;
			targetProxy = 52BF241129A47DAB001F0662 /* PBXContainerItemProxy */;
		};
/* End PBXTargetDependency section */

/* Begin PBXVariantGroup section */
		52BF23FE29A47DAB001F0662 /* LaunchScreen.storyboard */ = {
			isa = PBXVariantGroup;
			children = (
				52BF23FF29A47DAB001F0662 /* Base */,
			);
			name = LaunchScreen.storyboard;
			sourceTree = "<group>";
		};
/* End PBXVariantGroup section */

/* Begin XCBuildConfiguration section */
		52BF241829A47DAB001F0662 /* Debug */ = {
			isa = XCBuildConfiguration;
			buildSettings = {
				ALWAYS_SEARCH_USER_PATHS = NO;
				CLANG_ANALYZER_NONNULL = YES;
				CLANG_ANALYZER_NUMBER_OBJECT_CONVERSION = YES_AGGRESSIVE;
				CLANG_CXX_LANGUAGE_STANDARD = "gnu++20";
				CLANG_ENABLE_MODULES = YES;
				CLANG_ENABLE_OBJC_ARC = YES;
				CLANG_ENABLE_OBJC_WEAK = YES;
				CLANG_WARN_BLOCK_CAPTURE_AUTORELEASING = YES;
				CLANG_WARN_BOOL_CONVERSION = YES;
				CLANG_WARN_COMMA = YES;
				CLANG_WARN_CONSTANT_CONVERSION = YES;
				CLANG_WARN_DEPRECATED_OBJC_IMPLEMENTATIONS = YES;
				CLANG_WARN_DIRECT_OBJC_ISA_USAGE = YES_ERROR;
				CLANG_WARN_DOCUMENTATION_COMMENTS = YES;
				CLANG_WARN_EMPTY_BODY = YES;
				CLANG_WARN_ENUM_CONVERSION = YES;
				CLANG_WARN_INFINITE_RECURSION = YES;
				CLANG_WARN_INT_CONVERSION = YES;
				CLANG_WARN_NON_LITERAL_NULL_CONVERSION = YES;
				CLANG_WARN_OBJC_IMPLICIT_RETAIN_SELF = YES;
				CLANG_WARN_OBJC_LITERAL_CONVERSION = YES;
				CLANG_WARN_OBJC_ROOT_CLASS = YES_ERROR;
				CLANG_WARN_QUOTED_INCLUDE_IN_FRAMEWORK_HEADER = YES;
				CLANG_WARN_RANGE_LOOP_ANALYSIS = YES;
				CLANG_WARN_STRICT_PROTOTYPES = YES;
				CLANG_WARN_SUSPICIOUS_MOVE = YES;
				CLANG_WARN_UNGUARDED_AVAILABILITY = YES_AGGRESSIVE;
				CLANG_WARN_UNREACHABLE_CODE = YES;
				CLANG_WARN__DUPLICATE_METHOD_MATCH = YES;
				COPY_PHASE_STRIP = NO;
				DEBUG_INFORMATION_FORMAT = dwarf;
				ENABLE_STRICT_OBJC_MSGSEND = YES;
				ENABLE_TESTABILITY = YES;
				GCC_C_LANGUAGE_STANDARD = gnu11;
				GCC_DYNAMIC_NO_PIC = NO;
				GCC_NO_COMMON_BLOCKS = YES;
				GCC_OPTIMIZATION_LEVEL = 0;
				GCC_PREPROCESSOR_DEFINITIONS = (
					"DEBUG=1",
					"$(inherited)",
				);
				GCC_WARN_64_TO_32_BIT_CONVERSION = YES;
				GCC_WARN_ABOUT_RETURN_TYPE = YES_ERROR;
				GCC_WARN_UNDECLARED_SELECTOR = YES;
				GCC_WARN_UNINITIALIZED_AUTOS = YES_AGGRESSIVE;
				GCC_WARN_UNUSED_FUNCTION = YES;
				GCC_WARN_UNUSED_VARIABLE = YES;
				IPHONEOS_DEPLOYMENT_TARGET = 16.2;
				MTL_ENABLE_DEBUG_INFO = INCLUDE_SOURCE;
				MTL_FAST_MATH = YES;
				ONLY_ACTIVE_ARCH = YES;
				SDKROOT = iphoneos;
				SWIFT_ACTIVE_COMPILATION_CONDITIONS = DEBUG;
				SWIFT_OPTIMIZATION_LEVEL = "-Onone";
			};
			name = Debug;
		};
		52BF241929A47DAB001F0662 /* Release */ = {
			isa = XCBuildConfiguration;
			buildSettings = {
				ALWAYS_SEARCH_USER_PATHS = NO;
				CLANG_ANALYZER_NONNULL = YES;
				CLANG_ANALYZER_NUMBER_OBJECT_CONVERSION = YES_AGGRESSIVE;
				CLANG_CXX_LANGUAGE_STANDARD = "gnu++20";
				CLANG_ENABLE_MODULES = YES;
				CLANG_ENABLE_OBJC_ARC = YES;
				CLANG_ENABLE_OBJC_WEAK = YES;
				CLANG_WARN_BLOCK_CAPTURE_AUTORELEASING = YES;
				CLANG_WARN_BOOL_CONVERSION = YES;
				CLANG_WARN_COMMA = YES;
				CLANG_WARN_CONSTANT_CONVERSION = YES;
				CLANG_WARN_DEPRECATED_OBJC_IMPLEMENTATIONS = YES;
				CLANG_WARN_DIRECT_OBJC_ISA_USAGE = YES_ERROR;
				CLANG_WARN_DOCUMENTATION_COMMENTS = YES;
				CLANG_WARN_EMPTY_BODY = YES;
				CLANG_WARN_ENUM_CONVERSION = YES;
				CLANG_WARN_INFINITE_RECURSION = YES;
				CLANG_WARN_INT_CONVERSION = YES;
				CLANG_WARN_NON_LITERAL_NULL_CONVERSION = YES;
				CLANG_WARN_OBJC_IMPLICIT_RETAIN_SELF = YES;
				CLANG_WARN_OBJC_LITERAL_CONVERSION = YES;
				CLANG_WARN_OBJC_ROOT_CLASS = YES_ERROR;
				CLANG_WARN_QUOTED_INCLUDE_IN_FRAMEWORK_HEADER = YES;
				CLANG_WARN_RANGE_LOOP_ANALYSIS = YES;
				CLANG_WARN_STRICT_PROTOTYPES = YES;
				CLANG_WARN_SUSPICIOUS_MOVE = YES;
				CLANG_WARN_UNGUARDED_AVAILABILITY = YES_AGGRESSIVE;
				CLANG_WARN_UNREACHABLE_CODE = YES;
				CLANG_WARN__DUPLICATE_METHOD_MATCH = YES;
				COPY_PHASE_STRIP = NO;
				DEBUG_INFORMATION_FORMAT = "dwarf-with-dsym";
				ENABLE_NS_ASSERTIONS = NO;
				ENABLE_STRICT_OBJC_MSGSEND = YES;
				GCC_C_LANGUAGE_STANDARD = gnu11;
				GCC_NO_COMMON_BLOCKS = YES;
				GCC_WARN_64_TO_32_BIT_CONVERSION = YES;
				GCC_WARN_ABOUT_RETURN_TYPE = YES_ERROR;
				GCC_WARN_UNDECLARED_SELECTOR = YES;
				GCC_WARN_UNINITIALIZED_AUTOS = YES_AGGRESSIVE;
				GCC_WARN_UNUSED_FUNCTION = YES;
				GCC_WARN_UNUSED_VARIABLE = YES;
				IPHONEOS_DEPLOYMENT_TARGET = 16.2;
				MTL_ENABLE_DEBUG_INFO = NO;
				MTL_FAST_MATH = YES;
				SDKROOT = iphoneos;
				SWIFT_COMPILATION_MODE = wholemodule;
				SWIFT_OPTIMIZATION_LEVEL = "-O";
				VALIDATE_PRODUCT = YES;
			};
			name = Release;
		};
		52BF241B29A47DAB001F0662 /* Debug */ = {
			isa = XCBuildConfiguration;
			buildSettings = {
				ASSETCATALOG_COMPILER_APPICON_NAME = AppIcon;
				ASSETCATALOG_COMPILER_GLOBAL_ACCENT_COLOR_NAME = AccentColor;
				CODE_SIGN_STYLE = Automatic;
				CURRENT_PROJECT_VERSION = 1;
				GENERATE_INFOPLIST_FILE = YES;
				INFOPLIST_FILE = "Netflix Clone/Info.plist";
				INFOPLIST_KEY_UIApplicationSupportsIndirectInputEvents = YES;
				INFOPLIST_KEY_UILaunchStoryboardName = LaunchScreen;
				INFOPLIST_KEY_UIMainStoryboardFile = "";
				INFOPLIST_KEY_UISupportedInterfaceOrientations_iPad = "UIInterfaceOrientationPortrait UIInterfaceOrientationPortraitUpsideDown UIInterfaceOrientationLandscapeLeft UIInterfaceOrientationLandscapeRight";
				INFOPLIST_KEY_UISupportedInterfaceOrientations_iPhone = "UIInterfaceOrientationPortrait UIInterfaceOrientationLandscapeLeft UIInterfaceOrientationLandscapeRight";
				LD_RUNPATH_SEARCH_PATHS = (
					"$(inherited)",
					"@executable_path/Frameworks",
				);
				MARKETING_VERSION = 1.0;
				PRODUCT_BUNDLE_IDENTIFIER = "com.Netflix-Clone";
				PRODUCT_NAME = "$(TARGET_NAME)";
				SWIFT_EMIT_LOC_STRINGS = YES;
				SWIFT_VERSION = 5.0;
				TARGETED_DEVICE_FAMILY = "1,2";
			};
			name = Debug;
		};
		52BF241C29A47DAB001F0662 /* Release */ = {
			isa = XCBuildConfiguration;
			buildSettings = {
				ASSETCATALOG_COMPILER_APPICON_NAME = AppIcon;
				ASSETCATALOG_COMPILER_GLOBAL_ACCENT_COLOR_NAME = AccentColor;
				CODE_SIGN_STYLE = Automatic;
				CURRENT_PROJECT_VERSION = 1;
				GENERATE_INFOPLIST_FILE = YES;
				INFOPLIST_FILE = "Netflix Clone/Info.plist";
				INFOPLIST_KEY_UIApplicationSupportsIndirectInputEvents = YES;
				INFOPLIST_KEY_UILaunchStoryboardName = LaunchScreen;
				INFOPLIST_KEY_UIMainStoryboardFile = "";
				INFOPLIST_KEY_UISupportedInterfaceOrientations_iPad = "UIInterfaceOrientationPortrait UIInterfaceOrientationPortraitUpsideDown UIInterfaceOrientationLandscapeLeft UIInterfaceOrientationLandscapeRight";
				INFOPLIST_KEY_UISupportedInterfaceOrientations_iPhone = "UIInterfaceOrientationPortrait UIInterfaceOrientationLandscapeLeft UIInterfaceOrientationLandscapeRight";
				LD_RUNPATH_SEARCH_PATHS = (
					"$(inherited)",
					"@executable_path/Frameworks",
				);
				MARKETING_VERSION = 1.0;
				PRODUCT_BUNDLE_IDENTIFIER = "com.Netflix-Clone";
				PRODUCT_NAME = "$(TARGET_NAME)";
				SWIFT_EMIT_LOC_STRINGS = YES;
				SWIFT_VERSION = 5.0;
				TARGETED_DEVICE_FAMILY = "1,2";
			};
			name = Release;
		};
		52BF241E29A47DAB001F0662 /* Debug */ = {
			isa = XCBuildConfiguration;
			buildSettings = {
				ALWAYS_EMBED_SWIFT_STANDARD_LIBRARIES = YES;
				BUNDLE_LOADER = "$(TEST_HOST)";
				CODE_SIGN_STYLE = Automatic;
				CURRENT_PROJECT_VERSION = 1;
				GENERATE_INFOPLIST_FILE = YES;
				IPHONEOS_DEPLOYMENT_TARGET = 16.2;
				MARKETING_VERSION = 1.0;
				PRODUCT_BUNDLE_IDENTIFIER = "com.Netflix-CloneTests";
				PRODUCT_NAME = "$(TARGET_NAME)";
				SWIFT_EMIT_LOC_STRINGS = NO;
				SWIFT_VERSION = 5.0;
				TARGETED_DEVICE_FAMILY = "1,2";
				TEST_HOST = "$(BUILT_PRODUCTS_DIR)/Netflix Clone.app/$(BUNDLE_EXECUTABLE_FOLDER_PATH)/Netflix Clone";
			};
			name = Debug;
		};
		52BF241F29A47DAB001F0662 /* Release */ = {
			isa = XCBuildConfiguration;
			buildSettings = {
				ALWAYS_EMBED_SWIFT_STANDARD_LIBRARIES = YES;
				BUNDLE_LOADER = "$(TEST_HOST)";
				CODE_SIGN_STYLE = Automatic;
				CURRENT_PROJECT_VERSION = 1;
				GENERATE_INFOPLIST_FILE = YES;
				IPHONEOS_DEPLOYMENT_TARGET = 16.2;
				MARKETING_VERSION = 1.0;
				PRODUCT_BUNDLE_IDENTIFIER = "com.Netflix-CloneTests";
				PRODUCT_NAME = "$(TARGET_NAME)";
				SWIFT_EMIT_LOC_STRINGS = NO;
				SWIFT_VERSION = 5.0;
				TARGETED_DEVICE_FAMILY = "1,2";
				TEST_HOST = "$(BUILT_PRODUCTS_DIR)/Netflix Clone.app/$(BUNDLE_EXECUTABLE_FOLDER_PATH)/Netflix Clone";
			};
			name = Release;
		};
		52BF242129A47DAB001F0662 /* Debug */ = {
			isa = XCBuildConfiguration;
			buildSettings = {
				ALWAYS_EMBED_SWIFT_STANDARD_LIBRARIES = YES;
				CODE_SIGN_STYLE = Automatic;
				CURRENT_PROJECT_VERSION = 1;
				GENERATE_INFOPLIST_FILE = YES;
				MARKETING_VERSION = 1.0;
				PRODUCT_BUNDLE_IDENTIFIER = "com.Netflix-CloneUITests";
				PRODUCT_NAME = "$(TARGET_NAME)";
				SWIFT_EMIT_LOC_STRINGS = NO;
				SWIFT_VERSION = 5.0;
				TARGETED_DEVICE_FAMILY = "1,2";
				TEST_TARGET_NAME = "Netflix Clone";
			};
			name = Debug;
		};
		52BF242229A47DAB001F0662 /* Release */ = {
			isa = XCBuildConfiguration;
			buildSettings = {
				ALWAYS_EMBED_SWIFT_STANDARD_LIBRARIES = YES;
				CODE_SIGN_STYLE = Automatic;
				CURRENT_PROJECT_VERSION = 1;
				GENERATE_INFOPLIST_FILE = YES;
				MARKETING_VERSION = 1.0;
				PRODUCT_BUNDLE_IDENTIFIER = "com.Netflix-CloneUITests";
				PRODUCT_NAME = "$(TARGET_NAME)";
				SWIFT_EMIT_LOC_STRINGS = NO;
				SWIFT_VERSION = 5.0;
				TARGETED_DEVICE_FAMILY = "1,2";
				TEST_TARGET_NAME = "Netflix Clone";
			};
			name = Release;
		};
/* End XCBuildConfiguration section */

/* Begin XCConfigurationList section */
		52BF23EB29A47DA8001F0662 /* Build configuration list for PBXProject "Netflix Clone" */ = {
			isa = XCConfigurationList;
			buildConfigurations = (
				52BF241829A47DAB001F0662 /* Debug */,
				52BF241929A47DAB001F0662 /* Release */,
			);
			defaultConfigurationIsVisible = 0;
			defaultConfigurationName = Release;
		};
		52BF241A29A47DAB001F0662 /* Build configuration list for PBXNativeTarget "Netflix Clone" */ = {
			isa = XCConfigurationList;
			buildConfigurations = (
				52BF241B29A47DAB001F0662 /* Debug */,
				52BF241C29A47DAB001F0662 /* Release */,
			);
			defaultConfigurationIsVisible = 0;
			defaultConfigurationName = Release;
		};
		52BF241D29A47DAB001F0662 /* Build configuration list for PBXNativeTarget "Netflix CloneTests" */ = {
			isa = XCConfigurationList;
			buildConfigurations = (
				52BF241E29A47DAB001F0662 /* Debug */,
				52BF241F29A47DAB001F0662 /* Release */,
			);
			defaultConfigurationIsVisible = 0;
			defaultConfigurationName = Release;
		};
		52BF242029A47DAB001F0662 /* Build configuration list for PBXNativeTarget "Netflix CloneUITests" */ = {
			isa = XCConfigurationList;
			buildConfigurations = (
				52BF242129A47DAB001F0662 /* Debug */,
				52BF242229A47DAB001F0662 /* Release */,
			);
			defaultConfigurationIsVisible = 0;
			defaultConfigurationName = Release;
		};
/* End XCConfigurationList section */

/* Begin XCRemoteSwiftPackageReference section */
		526677B029AD64BF00EB3619 /* XCRemoteSwiftPackageReference "SDWebImage" */ = {
			isa = XCRemoteSwiftPackageReference;
			repositoryURL = "https://github.com/SDWebImage/SDWebImage.git";
			requirement = {
				kind = upToNextMajorVersion;
				minimumVersion = 5.0.0;
			};
		};
/* End XCRemoteSwiftPackageReference section */

/* Begin XCSwiftPackageProductDependency section */
		526677B129AD64BF00EB3619 /* SDWebImage */ = {
			isa = XCSwiftPackageProductDependency;
			package = 526677B029AD64BF00EB3619 /* XCRemoteSwiftPackageReference "SDWebImage" */;
			productName = SDWebImage;
		};
		526677B329AD64BF00EB3619 /* SDWebImageMapKit */ = {
			isa = XCSwiftPackageProductDependency;
			package = 526677B029AD64BF00EB3619 /* XCRemoteSwiftPackageReference "SDWebImage" */;
			productName = SDWebImageMapKit;
		};
/* End XCSwiftPackageProductDependency section */
	};
	rootObject = 52BF23E829A47DA8001F0662 /* Project object */;
}
